{
  "version": 4,
  "terraform_version": "1.2.2",
  "serial": 56,
  "lineage": "100394d4-93d8-3597-8666-1cdc95f957ca",
  "outputs": {},
  "resources": [
    {
      "mode": "data",
      "type": "aws_availability_zones",
      "name": "main",
      "provider": "provider[\"registry.terraform.io/hashicorp/aws\"]",
      "instances": [
        {
          "schema_version": 0,
          "attributes": {
            "all_availability_zones": null,
            "exclude_names": null,
            "exclude_zone_ids": null,
            "filter": [
              {
                "name": "region-name",
                "values": [
                  "us-east-1"
                ]
              }
            ],
            "group_names": [
              "us-east-1"
            ],
            "id": "us-east-1",
            "names": [
              "us-east-1a",
              "us-east-1b",
              "us-east-1c",
              "us-east-1d",
              "us-east-1e",
              "us-east-1f"
            ],
            "state": null,
            "zone_ids": [
              "use1-az4",
              "use1-az6",
              "use1-az1",
              "use1-az2",
              "use1-az3",
              "use1-az5"
            ]
          },
          "sensitive_attributes": []
        }
      ]
    },
    {
      "mode": "data",
      "type": "aws_iam_policy_document",
      "name": "eks_assume_role_policy",
      "provider": "provider[\"registry.terraform.io/hashicorp/aws\"]",
      "instances": [
        {
          "schema_version": 0,
          "attributes": {
            "id": "3742504898",
            "json": "{\n  \"Version\": \"2012-10-17\",\n  \"Statement\": [\n    {\n      \"Sid\": \"\",\n      \"Effect\": \"Allow\",\n      \"Action\": \"sts:AssumeRoleWithWebIdentity\",\n      \"Principal\": {\n        \"Federated\": \"arn:aws:iam::499237116720:oidc-provider/oidc.eks.us-east-1.amazonaws.com/id/58AE77842A1EC2D723A6CEE07F0B80B1\"\n      },\n      \"Condition\": {\n        \"StringEquals\": {\n          \"oidc.eks.us-east-1.amazonaws.com/id/58AE77842A1EC2D723A6CEE07F0B80B1:sub\": \"system:serviceaccount:kube-system:aws-node\"\n        }\n      }\n    },\n    {\n      \"Sid\": \"\",\n      \"Effect\": \"Allow\",\n      \"Action\": \"sts:AssumeRole\",\n      \"Principal\": {\n        \"Service\": \"ec2.amazonaws.com\"\n      }\n    }\n  ]\n}",
            "override_json": null,
            "override_policy_documents": null,
            "policy_id": null,
            "source_json": null,
            "source_policy_documents": null,
            "statement": [
              {
                "actions": [
                  "sts:AssumeRoleWithWebIdentity"
                ],
                "condition": [
                  {
                    "test": "StringEquals",
                    "values": [
                      "system:serviceaccount:kube-system:aws-node"
                    ],
                    "variable": "oidc.eks.us-east-1.amazonaws.com/id/58AE77842A1EC2D723A6CEE07F0B80B1:sub"
                  }
                ],
                "effect": "Allow",
                "not_actions": [],
                "not_principals": [],
                "not_resources": [],
                "principals": [
                  {
                    "identifiers": [
                      "arn:aws:iam::499237116720:oidc-provider/oidc.eks.us-east-1.amazonaws.com/id/58AE77842A1EC2D723A6CEE07F0B80B1"
                    ],
                    "type": "Federated"
                  }
                ],
                "resources": [],
                "sid": ""
              },
              {
                "actions": [
                  "sts:AssumeRole"
                ],
                "condition": [],
                "effect": "Allow",
                "not_actions": [],
                "not_principals": [],
                "not_resources": [],
                "principals": [
                  {
                    "identifiers": [
                      "ec2.amazonaws.com"
                    ],
                    "type": "Service"
                  }
                ],
                "resources": [],
                "sid": ""
              }
            ],
            "version": "2012-10-17"
          },
          "sensitive_attributes": []
        }
      ]
    },
    {
      "mode": "data",
      "type": "tls_certificate",
      "name": "eks-cluster",
      "provider": "provider[\"registry.terraform.io/hashicorp/tls\"]",
      "instances": [
        {
          "schema_version": 0,
          "attributes": {
            "certificates": [
              {
                "is_ca": true,
                "issuer": "OU=Starfield Class 2 Certification Authority,O=Starfield Technologies\\, Inc.,C=US",
                "not_after": "2034-06-28T17:39:16Z",
                "not_before": "2009-09-02T00:00:00Z",
                "public_key_algorithm": "RSA",
                "serial_number": "12037640545166866303",
                "sha1_fingerprint": "9e99a48a9960b14926bb7f3b02e22da2b0ab7280",
                "signature_algorithm": "SHA256-RSA",
                "subject": "CN=Starfield Services Root Certificate Authority - G2,O=Starfield Technologies\\, Inc.,L=Scottsdale,ST=Arizona,C=US",
                "version": 3
              },
              {
                "is_ca": true,
                "issuer": "CN=Starfield Services Root Certificate Authority - G2,O=Starfield Technologies\\, Inc.,L=Scottsdale,ST=Arizona,C=US",
                "not_after": "2037-12-31T01:00:00Z",
                "not_before": "2015-05-25T12:00:00Z",
                "public_key_algorithm": "RSA",
                "serial_number": "144918191876577076464031512351042010504348870",
                "sha1_fingerprint": "06b25927c42a721631c1efd9431e648fa62e1e39",
                "signature_algorithm": "SHA256-RSA",
                "subject": "CN=Amazon Root CA 1,O=Amazon,C=US",
                "version": 3
              },
              {
                "is_ca": true,
                "issuer": "CN=Amazon Root CA 1,O=Amazon,C=US",
                "not_after": "2025-10-19T00:00:00Z",
                "not_before": "2015-10-22T00:00:00Z",
                "public_key_algorithm": "RSA",
                "serial_number": "144918209630989264145272943054026349679957517",
                "sha1_fingerprint": "917e732d330f9a12404f73d8bea36948b929dffc",
                "signature_algorithm": "SHA256-RSA",
                "subject": "CN=Amazon,OU=Server CA 1B,O=Amazon,C=US",
                "version": 3
              },
              {
                "is_ca": false,
                "issuer": "CN=Amazon,OU=Server CA 1B,O=Amazon,C=US",
                "not_after": "2023-06-26T23:59:59Z",
                "not_before": "2022-05-28T00:00:00Z",
                "public_key_algorithm": "RSA",
                "serial_number": "6149291929048875092529459657148644450",
                "sha1_fingerprint": "6b3eb618ca61696a2c216bb3cdac635c694a6616",
                "signature_algorithm": "SHA256-RSA",
                "subject": "CN=oidc.eks.us-east-1.amazonaws.com",
                "version": 3
              }
            ],
            "id": "2022-06-10 01:39:08.198137 +0000 UTC",
            "url": "https://oidc.eks.us-east-1.amazonaws.com/id/58AE77842A1EC2D723A6CEE07F0B80B1",
            "verify_chain": true
          },
          "sensitive_attributes": []
        }
      ]
    },
    {
      "mode": "managed",
      "type": "aws_eks_cluster",
      "name": "gitops_eks",
      "provider": "provider[\"registry.terraform.io/hashicorp/aws\"]",
      "instances": [
        {
          "schema_version": 0,
          "attributes": {
            "arn": "arn:aws:eks:us-east-1:499237116720:cluster/gitops-eks",
            "certificate_authority": [
              {
                "data": "LS0tLS1CRUdJTiBDRVJUSUZJQ0FURS0tLS0tCk1JSUMvakNDQWVhZ0F3SUJBZ0lCQURBTkJna3Foa2lHOXcwQkFRc0ZBREFWTVJNd0VRWURWUVFERXdwcmRXSmwKY201bGRHVnpNQjRYRFRJeU1EWXhNREF4TWpBd00xb1hEVE15TURZd056QXhNakF3TTFvd0ZURVRNQkVHQTFVRQpBeE1LYTNWaVpYSnVaWFJsY3pDQ0FTSXdEUVlKS29aSWh2Y05BUUVCQlFBRGdnRVBBRENDQVFvQ2dnRUJBTUF2Cm5TUi9qUUsrUDFmaXhyNmFpeWxRUU5ZbFovRzZrOHVTYmtDYm1VaXBxN0U1cDdmdjVpbENqdkVMbzgzTTRib3kKZ244Z3NIYVliMVRkVzR4YVA2Z1EyaitsZndJdG9Qa2pnVVMwZUQzUGRVNXgxUWJjMFhqcWMzbG00bnRBNlRWOAppL3hoWUZYbVRVMXJ6T2M2TWJOSjZ1WUxLRjZ3eEFLSDdNVWlJdm1vQmdKNmtPQXJTT1haSDNKUkFhd1NXdzhZCldabVRNa3RXeWJFZnNhamxxL2RvWkdBci92SHZCajcwVVBOVE5CVU5ESnEzZENSU1pIaTE0YmtNSmMzNlV3dVYKK29CeExjWDZsSW1GM0lrQWQxd2FQM1RVc3pheHQxTjdlUlFySzNBNkQ2bjZDQzM1RXJLMnY3ejM4Rmp2cXFyVQpSSXBJY2VwYXJQaUVpSGdjTU8wQ0F3RUFBYU5aTUZjd0RnWURWUjBQQVFIL0JBUURBZ0trTUE4R0ExVWRFd0VCCi93UUZNQU1CQWY4d0hRWURWUjBPQkJZRUZNVWpXbk52TU5Ha09PM2ltczNaRVozaUxpc2VNQlVHQTFVZEVRUU8KTUF5Q0NtdDFZbVZ5Ym1WMFpYTXdEUVlKS29aSWh2Y05BUUVMQlFBRGdnRUJBSExhWFAxYWFKOUc3YzRJeWdRaQp3ZHhGZXJka3UySTZEQ1dTbTFOWUp4MURlSVU4MEpPdCtNMnp0c0g4d0hZelhacjY3djYvRlNLUU41WTVLQ2NLClRQdkk1WCs4NGZKd253Sjl4SzE1dHp4ZnEreVlRL2VHaW9QK2UzM1hKTE04eVl2bnVSZCt3R2NGQ3VTNmhVUUQKVjM2ZmxYajdMSjJDbkJqZXdtUTZ1VGZjaEpHUHU1OC9ValNlZGZyay8xUlZsUmR4MTF5WE1aZGNRd281ZWw1Qwo1WFM3Q1M3Y010R1U0Q3l5aHlRQ2JXT2dCTnFPdDlKZXlKaThrOEJYU0FtWjNoS1NsdUlpbmpVQThjM1lzeTg0CnBvOTkxUW40WHRzSjlPbDVablQ1V2lsK0todXJnOG0wY3VFNWh1aFE1UnB4VWdnVWlnOGZGY3BvcEF3U0I2VTIKVFhBPQotLS0tLUVORCBDRVJUSUZJQ0FURS0tLS0tCg=="
              }
            ],
            "created_at": "2022-06-10 01:13:47.086 +0000 UTC",
            "enabled_cluster_log_types": [],
            "encryption_config": [],
            "endpoint": "https://58AE77842A1EC2D723A6CEE07F0B80B1.gr7.us-east-1.eks.amazonaws.com",
            "id": "gitops-eks",
            "identity": [
              {
                "oidc": [
                  {
                    "issuer": "https://oidc.eks.us-east-1.amazonaws.com/id/58AE77842A1EC2D723A6CEE07F0B80B1"
                  }
                ]
              }
            ],
            "kubernetes_network_config": [
              {
                "ip_family": "ipv4",
                "service_ipv4_cidr": "172.20.0.0/16"
              }
            ],
            "name": "gitops-eks",
            "platform_version": "eks.2",
            "role_arn": "arn:aws:iam::499237116720:role/gitops-eks-cluster-role",
            "status": "ACTIVE",
            "tags": {
              "Name": "gitops-eks"
            },
            "tags_all": {
              "Name": "gitops-eks"
            },
            "timeouts": null,
            "version": "1.22",
            "vpc_config": [
              {
                "cluster_security_group_id": "sg-0bba2b318ee8e5a2e",
                "endpoint_private_access": false,
                "endpoint_public_access": true,
                "public_access_cidrs": [
                  "0.0.0.0/0"
                ],
                "security_group_ids": [],
                "subnet_ids": [
                  "subnet-023a976256f516130",
                  "subnet-044669095aff8eb0e",
                  "subnet-08368f3e10f51d867",
                  "subnet-0b106bfb0ab5513ff",
                  "subnet-0d94a5cb164ddcd6a",
                  "subnet-0e2782d8fe34ae9d3"
                ],
                "vpc_id": "vpc-0320810a1c5ce6ee3"
              }
            ]
          },
          "sensitive_attributes": [],
          "private": "eyJlMmJmYjczMC1lY2FhLTExZTYtOGY4OC0zNDM2M2JjN2M0YzAiOnsiY3JlYXRlIjoxODAwMDAwMDAwMDAwLCJkZWxldGUiOjkwMDAwMDAwMDAwMCwidXBkYXRlIjozNjAwMDAwMDAwMDAwfX0=",
          "dependencies": [
            "aws_iam_role.eks-cluster-role",
            "aws_iam_role_policy_attachment.gitops-AmazonEKSClusterPolicy",
            "aws_iam_role_policy_attachment.gitops-AmazonEKSVPCResourceController",
            "aws_subnet.private_subnet_1",
            "aws_subnet.private_subnet_2",
            "aws_subnet.private_subnet_3",
            "aws_subnet.public_subnet_1",
            "aws_subnet.public_subnet_2",
            "aws_subnet.public_subnet_3",
            "aws_vpc.eks_vpc",
            "data.aws_availability_zones.main"
          ]
        }
      ]
    },
    {
      "mode": "managed",
      "type": "aws_eks_node_group",
      "name": "eks_ng_1",
      "provider": "provider[\"registry.terraform.io/hashicorp/aws\"]",
      "instances": [
        {
          "schema_version": 0,
          "attributes": {
            "ami_type": "AL2_x86_64",
            "arn": "arn:aws:eks:us-east-1:499237116720:nodegroup/gitops-eks/gitops-ng-1/62c0a59a-f1ff-4bdb-8279-609005695f55",
            "capacity_type": "SPOT",
            "cluster_name": "gitops-eks",
            "disk_size": 20,
            "force_update_version": null,
            "id": "gitops-eks:gitops-ng-1",
            "instance_types": [
              "t3.small"
            ],
            "labels": {},
            "launch_template": [],
            "node_group_name": "gitops-ng-1",
            "node_group_name_prefix": "",
            "node_role_arn": "arn:aws:iam::499237116720:role/gitops-eks-node-role",
            "release_version": "1.22.6-20220526",
            "remote_access": [],
            "resources": [
              {
                "autoscaling_groups": [
                  {
                    "name": "eks-gitops-ng-1-62c0a59a-f1ff-4bdb-8279-609005695f55"
                  }
                ],
                "remote_access_security_group_id": ""
              }
            ],
            "scaling_config": [
              {
                "desired_size": 3,
                "max_size": 6,
                "min_size": 1
              }
            ],
            "status": "ACTIVE",
            "subnet_ids": [
              "subnet-044669095aff8eb0e",
              "subnet-0b106bfb0ab5513ff",
              "subnet-0e2782d8fe34ae9d3"
            ],
            "tags": {
              "kubernetes.io/cluster/cluster-name/gitops-eks": "owned"
            },
            "tags_all": {
              "kubernetes.io/cluster/cluster-name/gitops-eks": "owned"
            },
            "taint": [],
            "timeouts": null,
            "update_config": [
              {
                "max_unavailable": 2,
                "max_unavailable_percentage": 0
              }
            ],
            "version": "1.22"
          },
          "sensitive_attributes": [],
          "private": "eyJlMmJmYjczMC1lY2FhLTExZTYtOGY4OC0zNDM2M2JjN2M0YzAiOnsiY3JlYXRlIjozNjAwMDAwMDAwMDAwLCJkZWxldGUiOjM2MDAwMDAwMDAwMDAsInVwZGF0ZSI6MzYwMDAwMDAwMDAwMH19",
          "dependencies": [
            "aws_eks_cluster.gitops_eks",
            "aws_iam_openid_connect_provider.eks-oid",
            "aws_iam_role.eks-cluster-role",
            "aws_iam_role.eks-node-role",
            "aws_iam_role_policy_attachment.gitops-AmazonEC2ContainerRegistryReadOnly",
            "aws_iam_role_policy_attachment.gitops-AmazonEKSClusterPolicy",
            "aws_iam_role_policy_attachment.gitops-AmazonEKSVPCResourceController",
            "aws_iam_role_policy_attachment.gitops-AmazonEKSWorkerNodePolicy",
            "aws_iam_role_policy_attachment.gitops-AmazonEKS_CNI_Policy",
            "aws_subnet.private_subnet_1",
            "aws_subnet.private_subnet_2",
            "aws_subnet.private_subnet_3",
            "aws_subnet.public_subnet_1",
            "aws_subnet.public_subnet_2",
            "aws_subnet.public_subnet_3",
            "aws_vpc.eks_vpc",
            "data.aws_availability_zones.main",
            "data.aws_iam_policy_document.eks_assume_role_policy",
            "data.tls_certificate.eks-cluster"
          ]
        }
      ]
    },
    {
      "mode": "managed",
      "type": "aws_iam_openid_connect_provider",
      "name": "eks-oid",
      "provider": "provider[\"registry.terraform.io/hashicorp/aws\"]",
      "instances": [
        {
          "schema_version": 0,
          "attributes": {
            "arn": "arn:aws:iam::499237116720:oidc-provider/oidc.eks.us-east-1.amazonaws.com/id/58AE77842A1EC2D723A6CEE07F0B80B1",
            "client_id_list": [
              "sts.amazonaws.com"
            ],
            "id": "arn:aws:iam::499237116720:oidc-provider/oidc.eks.us-east-1.amazonaws.com/id/58AE77842A1EC2D723A6CEE07F0B80B1",
            "tags": {},
            "tags_all": {},
            "thumbprint_list": [
              "9e99a48a9960b14926bb7f3b02e22da2b0ab7280"
            ],
            "url": "oidc.eks.us-east-1.amazonaws.com/id/58AE77842A1EC2D723A6CEE07F0B80B1"
          },
          "sensitive_attributes": [],
          "private": "bnVsbA==",
          "dependencies": [
            "aws_eks_cluster.gitops_eks",
            "aws_iam_role.eks-cluster-role",
            "aws_iam_role_policy_attachment.gitops-AmazonEKSClusterPolicy",
            "aws_iam_role_policy_attachment.gitops-AmazonEKSVPCResourceController",
            "aws_subnet.private_subnet_1",
            "aws_subnet.private_subnet_2",
            "aws_subnet.private_subnet_3",
            "aws_subnet.public_subnet_1",
            "aws_subnet.public_subnet_2",
            "aws_subnet.public_subnet_3",
            "aws_vpc.eks_vpc",
            "data.aws_availability_zones.main",
            "data.tls_certificate.eks-cluster"
          ]
        }
      ]
    },
    {
      "mode": "managed",
      "type": "aws_iam_role",
      "name": "eks-cluster-role",
      "provider": "provider[\"registry.terraform.io/hashicorp/aws\"]",
      "instances": [
        {
          "schema_version": 0,
          "attributes": {
            "arn": "arn:aws:iam::499237116720:role/gitops-eks-cluster-role",
            "assume_role_policy": "{\"Version\":\"2012-10-17\",\"Statement\":[{\"Effect\":\"Allow\",\"Principal\":{\"Service\":\"eks.amazonaws.com\"},\"Action\":\"sts:AssumeRole\"}]}",
            "create_date": "2022-06-10T01:13:30Z",
            "description": "",
            "force_detach_policies": false,
            "id": "gitops-eks-cluster-role",
            "inline_policy": [
              {
                "name": "",
                "policy": ""
              }
            ],
            "managed_policy_arns": [
              "arn:aws:iam::aws:policy/AmazonEKSClusterPolicy",
              "arn:aws:iam::aws:policy/AmazonEKSVPCResourceController"
            ],
            "max_session_duration": 3600,
            "name": "gitops-eks-cluster-role",
            "name_prefix": "",
            "path": "/",
            "permissions_boundary": null,
            "tags": {},
            "tags_all": {},
            "unique_id": "AROAXIPGZ3MYM4YIHAUTS"
          },
          "sensitive_attributes": [],
          "private": "bnVsbA=="
        }
      ]
    },
    {
      "mode": "managed",
      "type": "aws_iam_role",
      "name": "eks-node-role",
      "provider": "provider[\"registry.terraform.io/hashicorp/aws\"]",
      "instances": [
        {
          "schema_version": 0,
          "attributes": {
            "arn": "arn:aws:iam::499237116720:role/gitops-eks-node-role",
            "assume_role_policy": "{\"Version\":\"2012-10-17\",\"Statement\":[{\"Sid\":\"\",\"Effect\":\"Allow\",\"Principal\":{\"Federated\":\"arn:aws:iam::499237116720:oidc-provider/oidc.eks.us-east-1.amazonaws.com/id/58AE77842A1EC2D723A6CEE07F0B80B1\"},\"Action\":\"sts:AssumeRoleWithWebIdentity\",\"Condition\":{\"StringEquals\":{\"oidc.eks.us-east-1.amazonaws.com/id/58AE77842A1EC2D723A6CEE07F0B80B1:sub\":\"system:serviceaccount:kube-system:aws-node\"}}},{\"Sid\":\"\",\"Effect\":\"Allow\",\"Principal\":{\"Service\":\"ec2.amazonaws.com\"},\"Action\":\"sts:AssumeRole\"}]}",
            "create_date": "2022-06-10T01:23:45Z",
            "description": "",
            "force_detach_policies": false,
            "id": "gitops-eks-node-role",
            "inline_policy": [
              {
                "name": "",
                "policy": ""
              }
            ],
            "managed_policy_arns": [
              "arn:aws:iam::aws:policy/AmazonEC2ContainerRegistryReadOnly",
              "arn:aws:iam::aws:policy/AmazonEKSWorkerNodePolicy",
              "arn:aws:iam::aws:policy/AmazonEKS_CNI_Policy"
            ],
            "max_session_duration": 3600,
            "name": "gitops-eks-node-role",
            "name_prefix": "",
            "path": "/",
            "permissions_boundary": null,
            "tags": {},
            "tags_all": {},
            "unique_id": "AROAXIPGZ3MYE4QBMQM2A"
          },
          "sensitive_attributes": [],
          "private": "bnVsbA==",
          "dependencies": [
            "aws_eks_cluster.gitops_eks",
            "aws_iam_openid_connect_provider.eks-oid",
            "aws_iam_role.eks-cluster-role",
            "aws_iam_role_policy_attachment.gitops-AmazonEKSClusterPolicy",
            "aws_iam_role_policy_attachment.gitops-AmazonEKSVPCResourceController",
            "aws_subnet.private_subnet_1",
            "aws_subnet.private_subnet_2",
            "aws_subnet.private_subnet_3",
            "aws_subnet.public_subnet_1",
            "aws_subnet.public_subnet_2",
            "aws_subnet.public_subnet_3",
            "aws_vpc.eks_vpc",
            "data.aws_availability_zones.main",
            "data.aws_iam_policy_document.eks_assume_role_policy",
            "data.tls_certificate.eks-cluster"
          ]
        }
      ]
    },
    {
      "mode": "managed",
      "type": "aws_iam_role_policy_attachment",
      "name": "gitops-AmazonEC2ContainerRegistryReadOnly",
      "provider": "provider[\"registry.terraform.io/hashicorp/aws\"]",
      "instances": [
        {
          "schema_version": 0,
          "attributes": {
            "id": "gitops-eks-node-role-20220610012349527500000008",
            "policy_arn": "arn:aws:iam::aws:policy/AmazonEC2ContainerRegistryReadOnly",
            "role": "gitops-eks-node-role"
          },
          "sensitive_attributes": [],
          "private": "bnVsbA==",
          "dependencies": [
            "aws_eks_cluster.gitops_eks",
            "aws_iam_openid_connect_provider.eks-oid",
            "aws_iam_role.eks-cluster-role",
            "aws_iam_role.eks-node-role",
            "aws_iam_role_policy_attachment.gitops-AmazonEKSClusterPolicy",
            "aws_iam_role_policy_attachment.gitops-AmazonEKSVPCResourceController",
            "aws_subnet.private_subnet_1",
            "aws_subnet.private_subnet_2",
            "aws_subnet.private_subnet_3",
            "aws_subnet.public_subnet_1",
            "aws_subnet.public_subnet_2",
            "aws_subnet.public_subnet_3",
            "aws_vpc.eks_vpc",
            "data.aws_availability_zones.main",
            "data.aws_iam_policy_document.eks_assume_role_policy",
            "data.tls_certificate.eks-cluster"
          ]
        }
      ]
    },
    {
      "mode": "managed",
      "type": "aws_iam_role_policy_attachment",
      "name": "gitops-AmazonEKSClusterPolicy",
      "provider": "provider[\"registry.terraform.io/hashicorp/aws\"]",
      "instances": [
        {
          "schema_version": 0,
          "attributes": {
            "id": "gitops-eks-cluster-role-20220610011335323400000002",
            "policy_arn": "arn:aws:iam::aws:policy/AmazonEKSClusterPolicy",
            "role": "gitops-eks-cluster-role"
          },
          "sensitive_attributes": [],
          "private": "bnVsbA==",
          "dependencies": [
            "aws_iam_role.eks-cluster-role"
          ]
        }
      ]
    },
    {
      "mode": "managed",
      "type": "aws_iam_role_policy_attachment",
      "name": "gitops-AmazonEKSVPCResourceController",
      "provider": "provider[\"registry.terraform.io/hashicorp/aws\"]",
      "instances": [
        {
          "schema_version": 0,
          "attributes": {
            "id": "gitops-eks-cluster-role-20220610011335302200000001",
            "policy_arn": "arn:aws:iam::aws:policy/AmazonEKSVPCResourceController",
            "role": "gitops-eks-cluster-role"
          },
          "sensitive_attributes": [],
          "private": "bnVsbA==",
          "dependencies": [
            "aws_iam_role.eks-cluster-role"
          ]
        }
      ]
    },
    {
      "mode": "managed",
      "type": "aws_iam_role_policy_attachment",
      "name": "gitops-AmazonEKSWorkerNodePolicy",
      "provider": "provider[\"registry.terraform.io/hashicorp/aws\"]",
      "instances": [
        {
          "schema_version": 0,
          "attributes": {
            "id": "gitops-eks-node-role-20220610012349502500000006",
            "policy_arn": "arn:aws:iam::aws:policy/AmazonEKSWorkerNodePolicy",
            "role": "gitops-eks-node-role"
          },
          "sensitive_attributes": [],
          "private": "bnVsbA==",
          "dependencies": [
            "aws_eks_cluster.gitops_eks",
            "aws_iam_openid_connect_provider.eks-oid",
            "aws_iam_role.eks-cluster-role",
            "aws_iam_role.eks-node-role",
            "aws_iam_role_policy_attachment.gitops-AmazonEKSClusterPolicy",
            "aws_iam_role_policy_attachment.gitops-AmazonEKSVPCResourceController",
            "aws_subnet.private_subnet_1",
            "aws_subnet.private_subnet_2",
            "aws_subnet.private_subnet_3",
            "aws_subnet.public_subnet_1",
            "aws_subnet.public_subnet_2",
            "aws_subnet.public_subnet_3",
            "aws_vpc.eks_vpc",
            "data.aws_availability_zones.main",
            "data.aws_iam_policy_document.eks_assume_role_policy",
            "data.tls_certificate.eks-cluster"
          ]
        }
      ]
    },
    {
      "mode": "managed",
      "type": "aws_iam_role_policy_attachment",
      "name": "gitops-AmazonEKS_CNI_Policy",
      "provider": "provider[\"registry.terraform.io/hashicorp/aws\"]",
      "instances": [
        {
          "schema_version": 0,
          "attributes": {
            "id": "gitops-eks-node-role-20220610012349514900000007",
            "policy_arn": "arn:aws:iam::aws:policy/AmazonEKS_CNI_Policy",
            "role": "gitops-eks-node-role"
          },
          "sensitive_attributes": [],
          "private": "bnVsbA==",
          "dependencies": [
            "aws_eks_cluster.gitops_eks",
            "aws_iam_openid_connect_provider.eks-oid",
            "aws_iam_role.eks-cluster-role",
            "aws_iam_role.eks-node-role",
            "aws_iam_role_policy_attachment.gitops-AmazonEKSClusterPolicy",
            "aws_iam_role_policy_attachment.gitops-AmazonEKSVPCResourceController",
            "aws_subnet.private_subnet_1",
            "aws_subnet.private_subnet_2",
            "aws_subnet.private_subnet_3",
            "aws_subnet.public_subnet_1",
            "aws_subnet.public_subnet_2",
            "aws_subnet.public_subnet_3",
            "aws_vpc.eks_vpc",
            "data.aws_availability_zones.main",
            "data.aws_iam_policy_document.eks_assume_role_policy",
            "data.tls_certificate.eks-cluster"
          ]
        }
      ]
    },
    {
      "mode": "managed",
      "type": "aws_subnet",
      "name": "private_subnet_1",
      "provider": "provider[\"registry.terraform.io/hashicorp/aws\"]",
      "instances": [
        {
          "schema_version": 1,
          "attributes": {
            "arn": "arn:aws:ec2:us-east-1:499237116720:subnet/subnet-044669095aff8eb0e",
            "assign_ipv6_address_on_creation": false,
            "availability_zone": "us-east-1a",
            "availability_zone_id": "use1-az4",
            "cidr_block": "10.0.0.0/20",
            "customer_owned_ipv4_pool": "",
            "enable_dns64": false,
            "enable_resource_name_dns_a_record_on_launch": false,
            "enable_resource_name_dns_aaaa_record_on_launch": false,
            "id": "subnet-044669095aff8eb0e",
            "ipv6_cidr_block": "",
            "ipv6_cidr_block_association_id": "",
            "ipv6_native": false,
            "map_customer_owned_ip_on_launch": false,
            "map_public_ip_on_launch": false,
            "outpost_arn": "",
            "owner_id": "499237116720",
            "private_dns_hostname_type_on_launch": "ip-name",
            "tags": {
              "Name": "private_subnet_1",
              "kubernetes.io/cluster/gitops-eks": "shared"
            },
            "tags_all": {
              "Name": "private_subnet_1",
              "kubernetes.io/cluster/gitops-eks": "shared"
            },
            "timeouts": null,
            "vpc_id": "vpc-0320810a1c5ce6ee3"
          },
          "sensitive_attributes": [],
          "private": "eyJlMmJmYjczMC1lY2FhLTExZTYtOGY4OC0zNDM2M2JjN2M0YzAiOnsiY3JlYXRlIjo2MDAwMDAwMDAwMDAsImRlbGV0ZSI6MTIwMDAwMDAwMDAwMH0sInNjaGVtYV92ZXJzaW9uIjoiMSJ9",
          "dependencies": [
            "aws_vpc.eks_vpc",
            "data.aws_availability_zones.main"
          ]
        }
      ]
    },
    {
      "mode": "managed",
      "type": "aws_subnet",
      "name": "private_subnet_2",
      "provider": "provider[\"registry.terraform.io/hashicorp/aws\"]",
      "instances": [
        {
          "schema_version": 1,
          "attributes": {
            "arn": "arn:aws:ec2:us-east-1:499237116720:subnet/subnet-0b106bfb0ab5513ff",
            "assign_ipv6_address_on_creation": false,
            "availability_zone": "us-east-1b",
            "availability_zone_id": "use1-az6",
            "cidr_block": "10.0.16.0/20",
            "customer_owned_ipv4_pool": "",
            "enable_dns64": false,
            "enable_resource_name_dns_a_record_on_launch": false,
            "enable_resource_name_dns_aaaa_record_on_launch": false,
            "id": "subnet-0b106bfb0ab5513ff",
            "ipv6_cidr_block": "",
            "ipv6_cidr_block_association_id": "",
            "ipv6_native": false,
            "map_customer_owned_ip_on_launch": false,
            "map_public_ip_on_launch": false,
            "outpost_arn": "",
            "owner_id": "499237116720",
            "private_dns_hostname_type_on_launch": "ip-name",
            "tags": {
              "Name": "private_subnet_2",
              "kubernetes.io/cluster/gitops-eks": "shared"
            },
            "tags_all": {
              "Name": "private_subnet_2",
              "kubernetes.io/cluster/gitops-eks": "shared"
            },
            "timeouts": null,
            "vpc_id": "vpc-0320810a1c5ce6ee3"
          },
          "sensitive_attributes": [],
          "private": "eyJlMmJmYjczMC1lY2FhLTExZTYtOGY4OC0zNDM2M2JjN2M0YzAiOnsiY3JlYXRlIjo2MDAwMDAwMDAwMDAsImRlbGV0ZSI6MTIwMDAwMDAwMDAwMH0sInNjaGVtYV92ZXJzaW9uIjoiMSJ9",
          "dependencies": [
            "aws_vpc.eks_vpc",
            "data.aws_availability_zones.main"
          ]
        }
      ]
    },
    {
      "mode": "managed",
      "type": "aws_subnet",
      "name": "private_subnet_3",
      "provider": "provider[\"registry.terraform.io/hashicorp/aws\"]",
      "instances": [
        {
          "schema_version": 1,
          "attributes": {
            "arn": "arn:aws:ec2:us-east-1:499237116720:subnet/subnet-0e2782d8fe34ae9d3",
            "assign_ipv6_address_on_creation": false,
            "availability_zone": "us-east-1b",
            "availability_zone_id": "use1-az6",
            "cidr_block": "10.0.32.0/20",
            "customer_owned_ipv4_pool": "",
            "enable_dns64": false,
            "enable_resource_name_dns_a_record_on_launch": false,
            "enable_resource_name_dns_aaaa_record_on_launch": false,
            "id": "subnet-0e2782d8fe34ae9d3",
            "ipv6_cidr_block": "",
            "ipv6_cidr_block_association_id": "",
            "ipv6_native": false,
            "map_customer_owned_ip_on_launch": false,
            "map_public_ip_on_launch": false,
            "outpost_arn": "",
            "owner_id": "499237116720",
            "private_dns_hostname_type_on_launch": "ip-name",
            "tags": {
              "Name": "private_subnet_3",
              "kubernetes.io/cluster/gitops-eks": "shared"
            },
            "tags_all": {
              "Name": "private_subnet_3",
              "kubernetes.io/cluster/gitops-eks": "shared"
            },
            "timeouts": null,
            "vpc_id": "vpc-0320810a1c5ce6ee3"
          },
          "sensitive_attributes": [],
          "private": "eyJlMmJmYjczMC1lY2FhLTExZTYtOGY4OC0zNDM2M2JjN2M0YzAiOnsiY3JlYXRlIjo2MDAwMDAwMDAwMDAsImRlbGV0ZSI6MTIwMDAwMDAwMDAwMH0sInNjaGVtYV92ZXJzaW9uIjoiMSJ9",
          "dependencies": [
            "aws_vpc.eks_vpc",
            "data.aws_availability_zones.main"
          ]
        }
      ]
    },
    {
      "mode": "managed",
      "type": "aws_subnet",
      "name": "public_subnet_1",
      "provider": "provider[\"registry.terraform.io/hashicorp/aws\"]",
      "instances": [
        {
          "schema_version": 1,
          "attributes": {
            "arn": "arn:aws:ec2:us-east-1:499237116720:subnet/subnet-023a976256f516130",
            "assign_ipv6_address_on_creation": false,
            "availability_zone": "us-east-1a",
            "availability_zone_id": "use1-az4",
            "cidr_block": "10.0.48.0/20",
            "customer_owned_ipv4_pool": "",
            "enable_dns64": false,
            "enable_resource_name_dns_a_record_on_launch": false,
            "enable_resource_name_dns_aaaa_record_on_launch": false,
            "id": "subnet-023a976256f516130",
            "ipv6_cidr_block": "",
            "ipv6_cidr_block_association_id": "",
            "ipv6_native": false,
            "map_customer_owned_ip_on_launch": false,
            "map_public_ip_on_launch": false,
            "outpost_arn": "",
            "owner_id": "499237116720",
            "private_dns_hostname_type_on_launch": "ip-name",
            "tags": {
              "Name": "public_subnet_1",
              "kubernetes.io/cluster/gitops-eks": "shared"
            },
            "tags_all": {
              "Name": "public_subnet_1",
              "kubernetes.io/cluster/gitops-eks": "shared"
            },
            "timeouts": null,
            "vpc_id": "vpc-0320810a1c5ce6ee3"
          },
          "sensitive_attributes": [],
          "private": "eyJlMmJmYjczMC1lY2FhLTExZTYtOGY4OC0zNDM2M2JjN2M0YzAiOnsiY3JlYXRlIjo2MDAwMDAwMDAwMDAsImRlbGV0ZSI6MTIwMDAwMDAwMDAwMH0sInNjaGVtYV92ZXJzaW9uIjoiMSJ9",
          "dependencies": [
            "aws_vpc.eks_vpc",
            "data.aws_availability_zones.main"
          ]
        }
      ]
    },
    {
      "mode": "managed",
      "type": "aws_subnet",
      "name": "public_subnet_2",
      "provider": "provider[\"registry.terraform.io/hashicorp/aws\"]",
      "instances": [
        {
          "schema_version": 1,
          "attributes": {
            "arn": "arn:aws:ec2:us-east-1:499237116720:subnet/subnet-08368f3e10f51d867",
            "assign_ipv6_address_on_creation": false,
            "availability_zone": "us-east-1b",
            "availability_zone_id": "use1-az6",
            "cidr_block": "10.0.64.0/20",
            "customer_owned_ipv4_pool": "",
            "enable_dns64": false,
            "enable_resource_name_dns_a_record_on_launch": false,
            "enable_resource_name_dns_aaaa_record_on_launch": false,
            "id": "subnet-08368f3e10f51d867",
            "ipv6_cidr_block": "",
            "ipv6_cidr_block_association_id": "",
            "ipv6_native": false,
            "map_customer_owned_ip_on_launch": false,
            "map_public_ip_on_launch": false,
            "outpost_arn": "",
            "owner_id": "499237116720",
            "private_dns_hostname_type_on_launch": "ip-name",
            "tags": {
              "Name": "public_subnet_2",
              "kubernetes.io/cluster/gitops-eks": "shared"
            },
            "tags_all": {
              "Name": "public_subnet_2",
              "kubernetes.io/cluster/gitops-eks": "shared"
            },
            "timeouts": null,
            "vpc_id": "vpc-0320810a1c5ce6ee3"
          },
          "sensitive_attributes": [],
          "private": "eyJlMmJmYjczMC1lY2FhLTExZTYtOGY4OC0zNDM2M2JjN2M0YzAiOnsiY3JlYXRlIjo2MDAwMDAwMDAwMDAsImRlbGV0ZSI6MTIwMDAwMDAwMDAwMH0sInNjaGVtYV92ZXJzaW9uIjoiMSJ9",
          "dependencies": [
            "aws_vpc.eks_vpc",
            "data.aws_availability_zones.main"
          ]
        }
      ]
    },
    {
      "mode": "managed",
      "type": "aws_subnet",
      "name": "public_subnet_3",
      "provider": "provider[\"registry.terraform.io/hashicorp/aws\"]",
      "instances": [
        {
          "schema_version": 1,
          "attributes": {
            "arn": "arn:aws:ec2:us-east-1:499237116720:subnet/subnet-0d94a5cb164ddcd6a",
            "assign_ipv6_address_on_creation": false,
            "availability_zone": "us-east-1b",
            "availability_zone_id": "use1-az6",
            "cidr_block": "10.0.80.0/20",
            "customer_owned_ipv4_pool": "",
            "enable_dns64": false,
            "enable_resource_name_dns_a_record_on_launch": false,
            "enable_resource_name_dns_aaaa_record_on_launch": false,
            "id": "subnet-0d94a5cb164ddcd6a",
            "ipv6_cidr_block": "",
            "ipv6_cidr_block_association_id": "",
            "ipv6_native": false,
            "map_customer_owned_ip_on_launch": false,
            "map_public_ip_on_launch": false,
            "outpost_arn": "",
            "owner_id": "499237116720",
            "private_dns_hostname_type_on_launch": "ip-name",
            "tags": {
              "Name": "public_subnet_3",
              "kubernetes.io/cluster/gitops-eks": "shared"
            },
            "tags_all": {
              "Name": "public_subnet_3",
              "kubernetes.io/cluster/gitops-eks": "shared"
            },
            "timeouts": null,
            "vpc_id": "vpc-0320810a1c5ce6ee3"
          },
          "sensitive_attributes": [],
          "private": "eyJlMmJmYjczMC1lY2FhLTExZTYtOGY4OC0zNDM2M2JjN2M0YzAiOnsiY3JlYXRlIjo2MDAwMDAwMDAwMDAsImRlbGV0ZSI6MTIwMDAwMDAwMDAwMH0sInNjaGVtYV92ZXJzaW9uIjoiMSJ9",
          "dependencies": [
            "aws_vpc.eks_vpc",
            "data.aws_availability_zones.main"
          ]
        }
      ]
    },
    {
      "mode": "managed",
      "type": "aws_vpc",
      "name": "eks_vpc",
      "provider": "provider[\"registry.terraform.io/hashicorp/aws\"]",
      "instances": [
        {
          "schema_version": 1,
          "attributes": {
            "arn": "arn:aws:ec2:us-east-1:499237116720:vpc/vpc-0320810a1c5ce6ee3",
            "assign_generated_ipv6_cidr_block": false,
            "cidr_block": "10.0.0.0/16",
            "default_network_acl_id": "acl-0db3726043c18a1c9",
            "default_route_table_id": "rtb-0ead6971f04970eb5",
            "default_security_group_id": "sg-08964bc0a6121258c",
            "dhcp_options_id": "dopt-afe0a2d4",
            "enable_classiclink": false,
            "enable_classiclink_dns_support": false,
            "enable_dns_hostnames": false,
            "enable_dns_support": true,
            "id": "vpc-0320810a1c5ce6ee3",
            "instance_tenancy": "default",
            "ipv4_ipam_pool_id": null,
            "ipv4_netmask_length": null,
            "ipv6_association_id": "",
            "ipv6_cidr_block": "",
            "ipv6_cidr_block_network_border_group": "",
            "ipv6_ipam_pool_id": "",
            "ipv6_netmask_length": 0,
            "main_route_table_id": "rtb-0ead6971f04970eb5",
            "owner_id": "499237116720",
            "tags": {
              "Name": "eks_vpc"
            },
            "tags_all": {
              "Name": "eks_vpc"
            }
          },
          "sensitive_attributes": [],
          "private": "eyJzY2hlbWFfdmVyc2lvbiI6IjEifQ=="
        }
      ]
    },
    {
      "mode": "managed",
      "type": "kubernetes_namespace",
      "name": "argocd",
      "provider": "provider[\"registry.terraform.io/hashicorp/kubernetes\"]",
      "instances": [
        {
          "schema_version": 0,
          "attributes": {
            "id": "argocd",
            "metadata": [
              {
                "annotations": {},
                "generate_name": "",
                "generation": 0,
                "labels": {
                  "app": "argocd"
                },
                "name": "argocd",
                "resource_version": "967",
                "uid": "584a9da0-cfef-4e39-b871-e64f74080182"
              }
            ],
            "timeouts": null
          },
          "sensitive_attributes": [],
          "private": "eyJlMmJmYjczMC1lY2FhLTExZTYtOGY4OC0zNDM2M2JjN2M0YzAiOnsiZGVsZXRlIjozMDAwMDAwMDAwMDB9fQ==",
          "dependencies": [
            "aws_eks_cluster.gitops_eks",
            "aws_iam_role.eks-cluster-role",
            "aws_iam_role_policy_attachment.gitops-AmazonEKSClusterPolicy",
            "aws_iam_role_policy_attachment.gitops-AmazonEKSVPCResourceController",
            "aws_subnet.private_subnet_1",
            "aws_subnet.private_subnet_2",
            "aws_subnet.private_subnet_3",
            "aws_subnet.public_subnet_1",
            "aws_subnet.public_subnet_2",
            "aws_subnet.public_subnet_3",
            "aws_vpc.eks_vpc",
            "data.aws_availability_zones.main"
          ]
        }
      ]
    }
  ]
}
